# @generated - this file is auto-generated by `mise lock` https://mise.jdx.dev/dev-tools/mise-lock.html

[[tools.awscli]]
version = "2.34.24"
backend = "aqua:aws/aws-cli"

[tools.awscli."platforms.linux-arm64"]
url = "https://awscli.amazonaws.com/awscli-exe-linux-aarch64-2.34.24.zip"

[tools.awscli."platforms.linux-arm64-musl"]
url = "https://awscli.amazonaws.com/awscli-exe-linux-aarch64-2.34.24.zip"

[tools.awscli."platforms.linux-x64"]
url = "https://awscli.amazonaws.com/awscli-exe-linux-x86_64-2.34.24.zip"

[tools.awscli."platforms.linux-x64-musl"]
url = "https://awscli.amazonaws.com/awscli-exe-linux-x86_64-2.34.24.zip"

[tools.awscli."platforms.macos-arm64"]
url = "https://awscli.amazonaws.com/AWSCLIV2-2.34.24.pkg"

[tools.awscli."platforms.macos-x64"]
url = "https://awscli.amazonaws.com/AWSCLIV2-2.34.24.pkg"

[[tools.perl]]
version = "5.42.2.0"
backend = "aqua:skaji/relocatable-perl"

[tools.perl."platforms.linux-arm64"]
checksum = "sha256:ba0d2d24ad34d7c467e298af901caef93fd313c2385d8af61058a0fef811bac1"
url = "https://github.com/skaji/relocatable-perl/releases/download/5.42.2.0/perl-linux-arm64.tar.gz"

[tools.perl."platforms.linux-arm64-musl"]
checksum = "sha256:ba0d2d24ad34d7c467e298af901caef93fd313c2385d8af61058a0fef811bac1"
url = "https://github.com/skaji/relocatable-perl/releases/download/5.42.2.0/perl-linux-arm64.tar.gz"

[tools.perl."platforms.linux-x64"]
checksum = "sha256:18d9dc642abbf94bfb9871ae4dbddd8477984557c627a9ffcf83c834935f681f"
url = "https://github.com/skaji/relocatable-perl/releases/download/5.42.2.0/perl-linux-amd64.tar.gz"

[tools.perl."platforms.linux-x64-musl"]
checksum = "sha256:18d9dc642abbf94bfb9871ae4dbddd8477984557c627a9ffcf83c834935f681f"
url = "https://github.com/skaji/relocatable-perl/releases/download/5.42.2.0/perl-linux-amd64.tar.gz"

[tools.perl."platforms.macos-arm64"]
checksum = "sha256:a8f0a254336e6be8c86285cad75731deef265e98256e61a820aa2151eaf7405a"
url = "https://github.com/skaji/relocatable-perl/releases/download/5.42.2.0/perl-darwin-arm64.tar.gz"

[tools.perl."platforms.macos-x64"]
checksum = "sha256:3049a3304e78064a27c3a22054fb08f4c07eba97151a8c92fe9dc56e9cbca317"
url = "https://github.com/skaji/relocatable-perl/releases/download/5.42.2.0/perl-darwin-amd64.tar.gz"

[[tools.pre-commit]]
version = "4.5.1"
backend = "aqua:pre-commit/pre-commit"

[tools.pre-commit."platforms.linux-arm64"]
checksum = "sha256:19d00ba35cbf9c04dc3736cd8bb641e8633f3eddd4cedde71809574ae68a2cd1"
url = "https://github.com/pre-commit/pre-commit/releases/download/v4.5.1/pre-commit-4.5.1.pyz"

[tools.pre-commit."platforms.linux-arm64-musl"]
checksum = "sha256:19d00ba35cbf9c04dc3736cd8bb641e8633f3eddd4cedde71809574ae68a2cd1"
url = "https://github.com/pre-commit/pre-commit/releases/download/v4.5.1/pre-commit-4.5.1.pyz"

[tools.pre-commit."platforms.linux-x64"]
checksum = "sha256:19d00ba35cbf9c04dc3736cd8bb641e8633f3eddd4cedde71809574ae68a2cd1"
url = "https://github.com/pre-commit/pre-commit/releases/download/v4.5.1/pre-commit-4.5.1.pyz"

[tools.pre-commit."platforms.linux-x64-musl"]
checksum = "sha256:19d00ba35cbf9c04dc3736cd8bb641e8633f3eddd4cedde71809574ae68a2cd1"
url = "https://github.com/pre-commit/pre-commit/releases/download/v4.5.1/pre-commit-4.5.1.pyz"

[tools.pre-commit."platforms.macos-arm64"]
checksum = "sha256:19d00ba35cbf9c04dc3736cd8bb641e8633f3eddd4cedde71809574ae68a2cd1"
url = "https://github.com/pre-commit/pre-commit/releases/download/v4.5.1/pre-commit-4.5.1.pyz"

[tools.pre-commit."platforms.macos-x64"]
checksum = "sha256:19d00ba35cbf9c04dc3736cd8bb641e8633f3eddd4cedde71809574ae68a2cd1"
url = "https://github.com/pre-commit/pre-commit/releases/download/v4.5.1/pre-commit-4.5.1.pyz"

[[tools.shellcheck]]
version = "0.11.0"
backend = "aqua:koalaman/shellcheck"

[tools.shellcheck."platforms.linux-arm64"]
checksum = "sha256:12b331c1d2db6b9eb13cfca64306b1b157a86eb69db83023e261eaa7e7c14588"
url = "https://github.com/koalaman/shellcheck/releases/download/v0.11.0/shellcheck-v0.11.0.linux.aarch64.tar.xz"

[tools.shellcheck."platforms.linux-arm64-musl"]
checksum = "sha256:12b331c1d2db6b9eb13cfca64306b1b157a86eb69db83023e261eaa7e7c14588"
url = "https://github.com/koalaman/shellcheck/releases/download/v0.11.0/shellcheck-v0.11.0.linux.aarch64.tar.xz"

[tools.shellcheck."platforms.linux-x64"]
checksum = "sha256:8c3be12b05d5c177a04c29e3c78ce89ac86f1595681cab149b65b97c4e227198"
url = "https://github.com/koalaman/shellcheck/releases/download/v0.11.0/shellcheck-v0.11.0.linux.x86_64.tar.xz"

[tools.shellcheck."platforms.linux-x64-musl"]
checksum = "sha256:8c3be12b05d5c177a04c29e3c78ce89ac86f1595681cab149b65b97c4e227198"
url = "https://github.com/koalaman/shellcheck/releases/download/v0.11.0/shellcheck-v0.11.0.linux.x86_64.tar.xz"

[tools.shellcheck."platforms.macos-arm64"]
checksum = "sha256:56affdd8de5527894dca6dc3d7e0a99a873b0f004d7aabc30ae407d3f48b0a79"
url = "https://github.com/koalaman/shellcheck/releases/download/v0.11.0/shellcheck-v0.11.0.darwin.aarch64.tar.xz"

[tools.shellcheck."platforms.macos-x64"]
checksum = "sha256:3c89db4edcab7cf1c27bff178882e0f6f27f7afdf54e859fa041fca10febe4c6"
url = "https://github.com/koalaman/shellcheck/releases/download/v0.11.0/shellcheck-v0.11.0.darwin.x86_64.tar.xz"

[tools.shellcheck."platforms.windows-x64"]
checksum = "sha256:8a4e35ab0b331c85d73567b12f2a444df187f483e5079ceffa6bda1faa2e740e"
url = "https://github.com/koalaman/shellcheck/releases/download/v0.11.0/shellcheck-v0.11.0.zip"

[[tools.terraform]]
version = "1.7.4"
backend = "aqua:hashicorp/terraform"

[tools.terraform."platforms.linux-arm64"]
checksum = "sha256:36680616b54c5ce8c8222c7bf81c187727b3c5c1a3a6e3af5b5372caa28697b7"
url = "https://releases.hashicorp.com/terraform/1.7.4/terraform_1.7.4_linux_arm64.zip"

[tools.terraform."platforms.linux-arm64-musl"]
checksum = "sha256:36680616b54c5ce8c8222c7bf81c187727b3c5c1a3a6e3af5b5372caa28697b7"
url = "https://releases.hashicorp.com/terraform/1.7.4/terraform_1.7.4_linux_arm64.zip"

[tools.terraform."platforms.linux-x64"]
checksum = "sha256:285539a6fd62fb79f05edc15cc207ca90f282901c32261085ea0642a0d638dfd"
url = "https://releases.hashicorp.com/terraform/1.7.4/terraform_1.7.4_linux_amd64.zip"

[tools.terraform."platforms.linux-x64-musl"]
checksum = "sha256:285539a6fd62fb79f05edc15cc207ca90f282901c32261085ea0642a0d638dfd"
url = "https://releases.hashicorp.com/terraform/1.7.4/terraform_1.7.4_linux_amd64.zip"

[tools.terraform."platforms.macos-arm64"]
checksum = "sha256:3f25268a5d7677cc89d39a505362979acfb02f19ddb965d7ec0b33a6d9e64075"
url = "https://releases.hashicorp.com/terraform/1.7.4/terraform_1.7.4_darwin_arm64.zip"

[tools.terraform."platforms.macos-x64"]
checksum = "sha256:fcf35c8b1d3f46fb84f688312ef5f829081d2d56c10444b9f6e290e21e68871c"
url = "https://releases.hashicorp.com/terraform/1.7.4/terraform_1.7.4_darwin_amd64.zip"

[tools.terraform."platforms.windows-x64"]
checksum = "sha256:2970fbb5eddcabe85b546a88ffcfc34c5fa2881379dac637af5e08e577fc0bee"
url = "https://releases.hashicorp.com/terraform/1.7.4/terraform_1.7.4_windows_amd64.zip"

[[tools.yamllint]]
version = "1.38.0"
backend = "pipx:yamllint"
