# @generated - this file is auto-generated by `mise lock` https://mise.jdx.dev/dev-tools/mise-lock.html

[[tools.ag]]
version = "2.2.0"
backend = "vfox:mise-plugins/vfox-ag"

[tools.ag."platforms.linux-arm64"]
url = "https://github.com/ggreer/the_silver_searcher/archive/refs/tags/2.2.0.tar.gz"

[tools.ag."platforms.linux-arm64-musl"]
url = "https://github.com/ggreer/the_silver_searcher/archive/refs/tags/2.2.0.tar.gz"

[tools.ag."platforms.linux-x64"]
url = "https://github.com/ggreer/the_silver_searcher/archive/refs/tags/2.2.0.tar.gz"

[tools.ag."platforms.linux-x64-musl"]
url = "https://github.com/ggreer/the_silver_searcher/archive/refs/tags/2.2.0.tar.gz"

[tools.ag."platforms.macos-arm64"]
url = "https://github.com/ggreer/the_silver_searcher/archive/refs/tags/2.2.0.tar.gz"

[tools.ag."platforms.macos-x64"]
url = "https://github.com/ggreer/the_silver_searcher/archive/refs/tags/2.2.0.tar.gz"

[tools.ag."platforms.windows-x64"]
url = "https://github.com/ggreer/the_silver_searcher/archive/refs/tags/2.2.0.tar.gz"

[[tools.awscli]]
version = "2.37.4"
backend = "aqua:aws/aws-cli"

[tools.awscli."platforms.linux-arm64"]
checksum = "blake3:f85c84b8a33b9d87ad6bec48874c82a1caaf47fa2cea6698078e74ad3890b021"
url = "https://awscli.amazonaws.com/awscli-exe-linux-aarch64-2.37.4.zip"

[tools.awscli."platforms.linux-arm64-musl"]
url = "https://awscli.amazonaws.com/awscli-exe-linux-aarch64-2.37.4.zip"

[tools.awscli."platforms.linux-x64"]
url = "https://awscli.amazonaws.com/awscli-exe-linux-x86_64-2.37.4.zip"

[tools.awscli."platforms.linux-x64-musl"]
url = "https://awscli.amazonaws.com/awscli-exe-linux-x86_64-2.37.4.zip"

[tools.awscli."platforms.macos-arm64"]
url = "https://awscli.amazonaws.com/AWSCLIV2-2.37.4.pkg"

[tools.awscli."platforms.macos-x64"]
url = "https://awscli.amazonaws.com/AWSCLIV2-2.37.4.pkg"

[[tools.cmake]]
version = "4.4.3"
backend = "aqua:Kitware/CMake"

[tools.cmake."platforms.linux-arm64"]
checksum = "sha256:2efc974dbd63b4444c0e8494b92f2e80c2d7e635b4b80eac2916985ddd8f72a6"
url = "https://github.com/Kitware/CMake/releases/download/v4.4.3/cmake-4.4.3-linux-aarch64.tar.gz"

[tools.cmake."platforms.linux-arm64-musl"]
checksum = "sha256:2efc974dbd63b4444c0e8494b92f2e80c2d7e635b4b80eac2916985ddd8f72a6"
url = "https://github.com/Kitware/CMake/releases/download/v4.4.3/cmake-4.4.3-linux-aarch64.tar.gz"

[tools.cmake."platforms.linux-x64"]
checksum = "sha256:d6c83076c575bc00b823522ac974bda66d0af05d6ddc30e739c12385cf32c6cc"
url = "https://github.com/Kitware/CMake/releases/download/v4.4.3/cmake-4.4.3-linux-x86_64.tar.gz"

[tools.cmake."platforms.linux-x64-musl"]
checksum = "sha256:d6c83076c575bc00b823522ac974bda66d0af05d6ddc30e739c12385cf32c6cc"
url = "https://github.com/Kitware/CMake/releases/download/v4.4.3/cmake-4.4.3-linux-x86_64.tar.gz"

[tools.cmake."platforms.macos-arm64"]
checksum = "sha256:0c5d65251c14cc884bfa16bdbed3c263ce5bffe2e21c0d0d00962cb0610464fa"
url = "https://github.com/Kitware/CMake/releases/download/v4.4.3/cmake-4.4.3-macos-universal.tar.gz"

[tools.cmake."platforms.macos-x64"]
checksum = "sha256:0c5d65251c14cc884bfa16bdbed3c263ce5bffe2e21c0d0d00962cb0610464fa"
url = "https://github.com/Kitware/CMake/releases/download/v4.4.3/cmake-4.4.3-macos-universal.tar.gz"

[tools.cmake."platforms.windows-x64"]
checksum = "sha256:4d52ebab7193a698651639ed80d8d04fd903358843572cf44c7fd234cb7c26ab"
url = "https://github.com/Kitware/CMake/releases/download/v4.4.3/cmake-4.4.3-windows-x86_64.zip"

[[tools.codex]]
version = "0.125.0"
backend = "aqua:openai/codex"

[[tools.fzf]]
version = "0.74.4"
backend = "aqua:junegunn/fzf"

[tools.fzf."platforms.linux-arm64"]
checksum = "sha256:5d673b849f494f0d64ec471d8640b153ca8849e3846a31da17abdcfce8df6b46"
url = "https://github.com/junegunn/fzf/releases/download/v0.74.4/fzf-0.74.4-linux_arm64.tar.gz"

[tools.fzf."platforms.linux-arm64-musl"]
checksum = "sha256:5d673b849f494f0d64ec471d8640b153ca8849e3846a31da17abdcfce8df6b46"
url = "https://github.com/junegunn/fzf/releases/download/v0.74.4/fzf-0.74.4-linux_arm64.tar.gz"

[tools.fzf."platforms.linux-x64"]
checksum = "sha256:05e6813a337cc722c3ed07e54a764b75cc5d671e2e60459db0ba696ee5fa7504"
url = "https://github.com/junegunn/fzf/releases/download/v0.74.4/fzf-0.74.4-linux_amd64.tar.gz"

[tools.fzf."platforms.linux-x64-musl"]
checksum = "sha256:05e6813a337cc722c3ed07e54a764b75cc5d671e2e60459db0ba696ee5fa7504"
url = "https://github.com/junegunn/fzf/releases/download/v0.74.4/fzf-0.74.4-linux_amd64.tar.gz"

[tools.fzf."platforms.macos-arm64"]
checksum = "sha256:4f6a113bfc0c7959e0005c78d566a51afc4fcefc956f43735c62a9deb19e92ae"
url = "https://github.com/junegunn/fzf/releases/download/v0.74.4/fzf-0.74.4-darwin_arm64.tar.gz"

[tools.fzf."platforms.macos-x64"]
checksum = "sha256:2d392b50be66e2ab104ccd52a6072df692b1f9b9c5b449a9c098de885f32c4c5"
url = "https://github.com/junegunn/fzf/releases/download/v0.74.4/fzf-0.74.4-darwin_amd64.tar.gz"

[tools.fzf."platforms.windows-x64"]
checksum = "sha256:5e63c0e798406fcb9c51a9fed4988398e25fdabf8c670e32c16caf7b4a7ed02d"
url = "https://github.com/junegunn/fzf/releases/download/v0.74.4/fzf-0.74.4-windows_amd64.zip"

[[tools.glow]]
version = "2.1.2"
backend = "aqua:charmbracelet/glow"

[tools.glow."platforms.linux-arm64"]
checksum = "sha256:cf63abebcb50b72909db965d78290e7cecbf17a900e84705dc84addbb6952099"
url = "https://github.com/charmbracelet/glow/releases/download/v2.1.2/glow_2.1.2_Linux_arm64.tar.gz"

[tools.glow."platforms.linux-arm64-musl"]
checksum = "sha256:cf63abebcb50b72909db965d78290e7cecbf17a900e84705dc84addbb6952099"
url = "https://github.com/charmbracelet/glow/releases/download/v2.1.2/glow_2.1.2_Linux_arm64.tar.gz"

[tools.glow."platforms.linux-x64"]
checksum = "sha256:6063d4f2af8a82a5f4bba0831e165de9381660aa8b41df4816d0106a265b07d5"
url = "https://github.com/charmbracelet/glow/releases/download/v2.1.2/glow_2.1.2_Linux_x86_64.tar.gz"

[tools.glow."platforms.linux-x64-musl"]
checksum = "sha256:6063d4f2af8a82a5f4bba0831e165de9381660aa8b41df4816d0106a265b07d5"
url = "https://github.com/charmbracelet/glow/releases/download/v2.1.2/glow_2.1.2_Linux_x86_64.tar.gz"

[tools.glow."platforms.macos-arm64"]
checksum = "sha256:6f7abfb47de69fbf7b0e67d2fa019cc554916e8b6694f9877212be89fc7ebb8c"
url = "https://github.com/charmbracelet/glow/releases/download/v2.1.2/glow_2.1.2_Darwin_arm64.tar.gz"

[tools.glow."platforms.macos-x64"]
checksum = "sha256:8cbc78a4947c68e804edf34d36070153fcc5d424873152da83ad6be14fa88ed3"
url = "https://github.com/charmbracelet/glow/releases/download/v2.1.2/glow_2.1.2_Darwin_x86_64.tar.gz"

[tools.glow."platforms.windows-x64"]
checksum = "sha256:9bc12fce6061b0dd45325401b0d11ec2e45981b76eef2b7fa3c0f941ba5c0b39"
url = "https://github.com/charmbracelet/glow/releases/download/v2.1.2/glow_2.1.2_Windows_x86_64.zip"

[[tools.hurl]]
version = "8.0.1"
backend = "aqua:Orange-OpenSource/hurl"

[tools.hurl."platforms.linux-arm64"]
checksum = "sha256:bc4732df4754748e9bf296aa3832ec019f798afb399f1279b72ed37b6e04525c"
url = "https://github.com/Orange-OpenSource/hurl/releases/download/8.0.1/hurl-8.0.1-aarch64-unknown-linux-gnu.tar.gz"

[tools.hurl."platforms.linux-arm64-musl"]
checksum = "sha256:bc4732df4754748e9bf296aa3832ec019f798afb399f1279b72ed37b6e04525c"
url = "https://github.com/Orange-OpenSource/hurl/releases/download/8.0.1/hurl-8.0.1-aarch64-unknown-linux-gnu.tar.gz"

[tools.hurl."platforms.linux-x64"]
checksum = "sha256:cac7c4670d69444db120edb21fe06c97ba8c80dcc52279957c8dd18f05fb0c06"
url = "https://github.com/Orange-OpenSource/hurl/releases/download/8.0.1/hurl-8.0.1-x86_64-unknown-linux-gnu.tar.gz"

[tools.hurl."platforms.linux-x64-musl"]
checksum = "sha256:cac7c4670d69444db120edb21fe06c97ba8c80dcc52279957c8dd18f05fb0c06"
url = "https://github.com/Orange-OpenSource/hurl/releases/download/8.0.1/hurl-8.0.1-x86_64-unknown-linux-gnu.tar.gz"

[tools.hurl."platforms.macos-arm64"]
checksum = "sha256:b57928e246617df73cb1b2157f31f507dcbde6ae12e828cc53dde0e40e05bbbb"
url = "https://github.com/Orange-OpenSource/hurl/releases/download/8.0.1/hurl-8.0.1-aarch64-apple-darwin.tar.gz"

[tools.hurl."platforms.macos-x64"]
checksum = "sha256:55e95bb7a8d61ae6919eaaf96f260f0836f5b34c1b0f7731e38be803f6984367"
url = "https://github.com/Orange-OpenSource/hurl/releases/download/8.0.1/hurl-8.0.1-x86_64-apple-darwin.tar.gz"

[tools.hurl."platforms.windows-x64"]
checksum = "sha256:2bb8c64ea3dbde464b92432cedd48aaa0fafdff4a39cb9c05c271c306bc8f124"
url = "https://github.com/Orange-OpenSource/hurl/releases/download/8.0.1/hurl-8.0.1-x86_64-pc-windows-msvc.zip"

[[tools.maven]]
version = "3.9.16"
backend = "aqua:apache/maven"

[tools.maven."platforms.linux-arm64"]
checksum = "blake3:edb2f6835f26d5b83b16d5d9bff5a1c32035c583e76cf2a208897386f5774256"
url = "https://archive.apache.org/dist/maven/maven-3/3.9.16/binaries/apache-maven-3.9.16-bin.tar.gz"

[tools.maven."platforms.linux-arm64-musl"]
url = "https://archive.apache.org/dist/maven/maven-3/3.9.16/binaries/apache-maven-3.9.16-bin.tar.gz"

[tools.maven."platforms.linux-x64"]
url = "https://archive.apache.org/dist/maven/maven-3/3.9.16/binaries/apache-maven-3.9.16-bin.tar.gz"

[tools.maven."platforms.linux-x64-musl"]
url = "https://archive.apache.org/dist/maven/maven-3/3.9.16/binaries/apache-maven-3.9.16-bin.tar.gz"

[tools.maven."platforms.macos-arm64"]
url = "https://archive.apache.org/dist/maven/maven-3/3.9.16/binaries/apache-maven-3.9.16-bin.tar.gz"

[tools.maven."platforms.macos-x64"]
url = "https://archive.apache.org/dist/maven/maven-3/3.9.16/binaries/apache-maven-3.9.16-bin.tar.gz"

[tools.maven."platforms.windows-x64"]
url = "https://archive.apache.org/dist/maven/maven-3/3.9.16/binaries/apache-maven-3.9.16-bin.tar.gz"

[[tools.neovim]]
version = "0.12.5"
backend = "vfox:mise-plugins/vfox-neovim"

[tools.neovim."platforms.linux-arm64"]
url = "https://github.com/neovim/neovim/releases/download/v0.12.5/nvim-linux-arm64.tar.gz"

[tools.neovim."platforms.linux-arm64-musl"]
url = "https://github.com/neovim/neovim/releases/download/v0.12.5/nvim-linux-arm64.tar.gz"

[tools.neovim."platforms.linux-x64"]
url = "https://github.com/neovim/neovim/releases/download/v0.12.5/nvim-linux-x86_64.tar.gz"

[tools.neovim."platforms.linux-x64-musl"]
url = "https://github.com/neovim/neovim/releases/download/v0.12.5/nvim-linux-x86_64.tar.gz"

[tools.neovim."platforms.macos-arm64"]
url = "https://github.com/neovim/neovim/releases/download/v0.12.5/nvim-macos-arm64.tar.gz"

[tools.neovim."platforms.macos-x64"]
url = "https://github.com/neovim/neovim/releases/download/v0.12.5/nvim-macos-x86_64.tar.gz"

[tools.neovim."platforms.windows-x64"]
url = "https://github.com/neovim/neovim/releases/download/v0.12.5/nvim-win64.zip"

[[tools.ninja]]
version = "1.13.2"
backend = "aqua:ninja-build/ninja"

[tools.ninja."platforms.linux-arm64"]
checksum = "sha256:fd2cacc8050a7f12a16a2e48f9e06fca5c14fc4c2bee2babb67b58be17a607fc"
url = "https://github.com/ninja-build/ninja/releases/download/v1.13.2/ninja-linux-aarch64.zip"

[tools.ninja."platforms.linux-arm64-musl"]
checksum = "sha256:fd2cacc8050a7f12a16a2e48f9e06fca5c14fc4c2bee2babb67b58be17a607fc"
url = "https://github.com/ninja-build/ninja/releases/download/v1.13.2/ninja-linux-aarch64.zip"

[tools.ninja."platforms.linux-x64"]
checksum = "sha256:5749cbc4e668273514150a80e387a957f933c6ed3f5f11e03fb30955e2bbead6"
url = "https://github.com/ninja-build/ninja/releases/download/v1.13.2/ninja-linux.zip"

[tools.ninja."platforms.linux-x64-musl"]
checksum = "sha256:5749cbc4e668273514150a80e387a957f933c6ed3f5f11e03fb30955e2bbead6"
url = "https://github.com/ninja-build/ninja/releases/download/v1.13.2/ninja-linux.zip"

[tools.ninja."platforms.macos-arm64"]
checksum = "sha256:c99048673aa765960a99cf10c6ddb9f1fad506099ff0a0e137ad8960a88f321b"
url = "https://github.com/ninja-build/ninja/releases/download/v1.13.2/ninja-mac.zip"

[tools.ninja."platforms.macos-x64"]
checksum = "sha256:c99048673aa765960a99cf10c6ddb9f1fad506099ff0a0e137ad8960a88f321b"
url = "https://github.com/ninja-build/ninja/releases/download/v1.13.2/ninja-mac.zip"

[tools.ninja."platforms.windows-x64"]
checksum = "sha256:07fc8261b42b20e71d1720b39068c2e14ffcee6396b76fb7a795fb460b78dc65"
url = "https://github.com/ninja-build/ninja/releases/download/v1.13.2/ninja-win.zip"

[[tools.ollama]]
version = "0.34.4"
backend = "aqua:ollama/ollama"

[tools.ollama."platforms.linux-arm64"]
checksum = "sha256:96f50a1192133028cf4e010d8c333f8af14b1505db6be7b2034c11487e7fd7e6"
url = "https://github.com/ollama/ollama/releases/download/v0.34.4/ollama-linux-arm64.tar.zst"

[tools.ollama."platforms.linux-arm64-musl"]
checksum = "sha256:96f50a1192133028cf4e010d8c333f8af14b1505db6be7b2034c11487e7fd7e6"
url = "https://github.com/ollama/ollama/releases/download/v0.34.4/ollama-linux-arm64.tar.zst"

[tools.ollama."platforms.linux-x64"]
checksum = "sha256:c238986e61d40c0cc5f4a9b9e40b9eea104350b77efa34741fc134e105cb9533"
url = "https://github.com/ollama/ollama/releases/download/v0.34.4/ollama-linux-amd64.tar.zst"

[tools.ollama."platforms.linux-x64-musl"]
checksum = "sha256:c238986e61d40c0cc5f4a9b9e40b9eea104350b77efa34741fc134e105cb9533"
url = "https://github.com/ollama/ollama/releases/download/v0.34.4/ollama-linux-amd64.tar.zst"

[tools.ollama."platforms.macos-arm64"]
checksum = "sha256:e9c8fddaab5f48f47f2c4ae3d23d0732f5182417125353faeed2188e34a22799"
url = "https://github.com/ollama/ollama/releases/download/v0.34.4/ollama-darwin.tgz"

[tools.ollama."platforms.macos-x64"]
checksum = "sha256:e9c8fddaab5f48f47f2c4ae3d23d0732f5182417125353faeed2188e34a22799"
url = "https://github.com/ollama/ollama/releases/download/v0.34.4/ollama-darwin.tgz"

[tools.ollama."platforms.windows-x64"]
checksum = "sha256:535193f38f3344e5b08f5d1c171c31ce11aa17f0124ff69ae26d8ec7fe06fa62"
url = "https://github.com/ollama/ollama/releases/download/v0.34.4/ollama-windows-amd64.zip"

[[tools.pandoc]]
version = "3.11"
backend = "github:jgm/pandoc"

[tools.pandoc."platforms.linux-arm64"]
checksum = "sha256:56ed5566ec41d22ec9ee0704e6ac0b98ba102e92384efd5306173a22d314c79a"
url = "https://github.com/jgm/pandoc/releases/download/3.11/pandoc-3.11-linux-arm64.tar.gz"
url_api = "https://api.github.com/repos/jgm/pandoc/releases/assets/534533345"

[tools.pandoc."platforms.linux-arm64-musl"]
checksum = "sha256:56ed5566ec41d22ec9ee0704e6ac0b98ba102e92384efd5306173a22d314c79a"
url = "https://github.com/jgm/pandoc/releases/download/3.11/pandoc-3.11-linux-arm64.tar.gz"
url_api = "https://api.github.com/repos/jgm/pandoc/releases/assets/534533345"

[tools.pandoc."platforms.linux-x64"]
checksum = "sha256:37edb3bbcf722f921a009941bf5874e2e0c09263226c9b4a2d980788cb062ab6"
url = "https://github.com/jgm/pandoc/releases/download/3.11/pandoc-3.11-linux-amd64.tar.gz"
url_api = "https://api.github.com/repos/jgm/pandoc/releases/assets/534533278"

[tools.pandoc."platforms.linux-x64-musl"]
checksum = "sha256:37edb3bbcf722f921a009941bf5874e2e0c09263226c9b4a2d980788cb062ab6"
url = "https://github.com/jgm/pandoc/releases/download/3.11/pandoc-3.11-linux-amd64.tar.gz"
url_api = "https://api.github.com/repos/jgm/pandoc/releases/assets/534533278"

[tools.pandoc."platforms.macos-arm64"]
checksum = "sha256:15806bedf9517bfead72e88fe6a6696635c3691efbb6e152173440e9c5bb50b4"
url = "https://github.com/jgm/pandoc/releases/download/3.11/pandoc-3.11-arm64-macOS.zip"
url_api = "https://api.github.com/repos/jgm/pandoc/releases/assets/534533197"

[tools.pandoc."platforms.macos-x64"]
checksum = "sha256:3b1c1b57f160112c821d02f23d946ede8b7f57a6ccf4632a25a512d334a9291f"
url = "https://github.com/jgm/pandoc/releases/download/3.11/pandoc-3.11-x86_64-macOS.zip"
url_api = "https://api.github.com/repos/jgm/pandoc/releases/assets/534533757"

[tools.pandoc."platforms.windows-x64"]
checksum = "sha256:2ab72baf2399450e148ddf7a2a8689806c42e1bba71862b57e220fd9b8456d3d"
url = "https://github.com/jgm/pandoc/releases/download/3.11/pandoc-3.11-windows-x86_64.zip"
url_api = "https://api.github.com/repos/jgm/pandoc/releases/assets/534533568"

[[tools.perl]]
version = "5.44.0.0"
backend = "aqua:skaji/relocatable-perl"

[tools.perl."platforms.linux-arm64"]
checksum = "sha256:b1a3aa7be1ea0239a29e503b63a52a694371670d4dc535c716d9a16ea2aaa453"
url = "https://github.com/skaji/relocatable-perl/releases/download/5.44.0.0/perl-linux-arm64.tar.gz"

[tools.perl."platforms.linux-arm64-musl"]
checksum = "sha256:b1a3aa7be1ea0239a29e503b63a52a694371670d4dc535c716d9a16ea2aaa453"
url = "https://github.com/skaji/relocatable-perl/releases/download/5.44.0.0/perl-linux-arm64.tar.gz"

[tools.perl."platforms.linux-x64"]
checksum = "sha256:99fa984bab4eb536dae9630d5d47f3f5bd23a71c361d94dc6ef3a68a7186dcb0"
url = "https://github.com/skaji/relocatable-perl/releases/download/5.44.0.0/perl-linux-amd64.tar.gz"

[tools.perl."platforms.linux-x64-musl"]
checksum = "sha256:99fa984bab4eb536dae9630d5d47f3f5bd23a71c361d94dc6ef3a68a7186dcb0"
url = "https://github.com/skaji/relocatable-perl/releases/download/5.44.0.0/perl-linux-amd64.tar.gz"

[tools.perl."platforms.macos-arm64"]
checksum = "sha256:213733e18662720a3d25fd6e1adeddd05f56ce50b5e1f8bc6bd194e3f43e44d2"
url = "https://github.com/skaji/relocatable-perl/releases/download/5.44.0.0/perl-darwin-arm64.tar.gz"

[tools.perl."platforms.macos-x64"]
checksum = "sha256:1898662f3526d87e666fc9000a6ce8ef6d8a81fcc072c998eafae8004389619b"
url = "https://github.com/skaji/relocatable-perl/releases/download/5.44.0.0/perl-darwin-amd64.tar.gz"

[[tools.pre-commit]]
version = "4.6.2"
backend = "aqua:pre-commit/pre-commit"

[tools.pre-commit."platforms.linux-arm64"]
checksum = "sha256:43c09a73d82af8efff09900e60d76d67a2c3d990613c3c770b2b5c4418a16c4b"
url = "https://github.com/pre-commit/pre-commit/releases/download/v4.6.2/pre-commit-4.6.2.pyz"

[tools.pre-commit."platforms.linux-arm64-musl"]
checksum = "sha256:43c09a73d82af8efff09900e60d76d67a2c3d990613c3c770b2b5c4418a16c4b"
url = "https://github.com/pre-commit/pre-commit/releases/download/v4.6.2/pre-commit-4.6.2.pyz"

[tools.pre-commit."platforms.linux-x64"]
checksum = "sha256:43c09a73d82af8efff09900e60d76d67a2c3d990613c3c770b2b5c4418a16c4b"
url = "https://github.com/pre-commit/pre-commit/releases/download/v4.6.2/pre-commit-4.6.2.pyz"

[tools.pre-commit."platforms.linux-x64-musl"]
checksum = "sha256:43c09a73d82af8efff09900e60d76d67a2c3d990613c3c770b2b5c4418a16c4b"
url = "https://github.com/pre-commit/pre-commit/releases/download/v4.6.2/pre-commit-4.6.2.pyz"

[tools.pre-commit."platforms.macos-arm64"]
checksum = "sha256:43c09a73d82af8efff09900e60d76d67a2c3d990613c3c770b2b5c4418a16c4b"
url = "https://github.com/pre-commit/pre-commit/releases/download/v4.6.2/pre-commit-4.6.2.pyz"

[tools.pre-commit."platforms.macos-x64"]
checksum = "sha256:43c09a73d82af8efff09900e60d76d67a2c3d990613c3c770b2b5c4418a16c4b"
url = "https://github.com/pre-commit/pre-commit/releases/download/v4.6.2/pre-commit-4.6.2.pyz"

[[tools.ripgrep]]
version = "15.1.0"
backend = "aqua:BurntSushi/ripgrep"

[tools.ripgrep."platforms.linux-arm64"]
checksum = "sha256:2b661c6ef508e902f388e9098d9c4c5aca72c87b55922d94abdba830b4dc885e"
url = "https://github.com/BurntSushi/ripgrep/releases/download/15.1.0/ripgrep-15.1.0-aarch64-unknown-linux-gnu.tar.gz"

[tools.ripgrep."platforms.linux-arm64-musl"]
checksum = "sha256:2b661c6ef508e902f388e9098d9c4c5aca72c87b55922d94abdba830b4dc885e"
url = "https://github.com/BurntSushi/ripgrep/releases/download/15.1.0/ripgrep-15.1.0-aarch64-unknown-linux-gnu.tar.gz"

[tools.ripgrep."platforms.linux-x64"]
checksum = "sha256:1c9297be4a084eea7ecaedf93eb03d058d6faae29bbc57ecdaf5063921491599"
url = "https://github.com/BurntSushi/ripgrep/releases/download/15.1.0/ripgrep-15.1.0-x86_64-unknown-linux-musl.tar.gz"

[tools.ripgrep."platforms.linux-x64-musl"]
checksum = "sha256:1c9297be4a084eea7ecaedf93eb03d058d6faae29bbc57ecdaf5063921491599"
url = "https://github.com/BurntSushi/ripgrep/releases/download/15.1.0/ripgrep-15.1.0-x86_64-unknown-linux-musl.tar.gz"

[tools.ripgrep."platforms.macos-arm64"]
checksum = "sha256:378e973289176ca0c6054054ee7f631a065874a352bf43f0fa60ef079b6ba715"
url = "https://github.com/BurntSushi/ripgrep/releases/download/15.1.0/ripgrep-15.1.0-aarch64-apple-darwin.tar.gz"

[tools.ripgrep."platforms.macos-x64"]
checksum = "sha256:64811cb24e77cac3057d6c40b63ac9becf9082eedd54ca411b475b755d334882"
url = "https://github.com/BurntSushi/ripgrep/releases/download/15.1.0/ripgrep-15.1.0-x86_64-apple-darwin.tar.gz"

[tools.ripgrep."platforms.windows-x64"]
checksum = "sha256:124510b94b6baa3380d051fdf4650eaa80a302c876d611e9dba0b2e18d87493a"
url = "https://github.com/BurntSushi/ripgrep/releases/download/15.1.0/ripgrep-15.1.0-x86_64-pc-windows-msvc.zip"

[[tools.ruff]]
version = "0.16.9"
backend = "aqua:astral-sh/ruff"

[tools.ruff."platforms.linux-arm64"]
checksum = "sha256:40d9feb7210a6d984bb98b5f825afdcf36216ee464a884e26c104f97226c7713"
url = "https://github.com/astral-sh/ruff/releases/download/0.16.9/ruff-aarch64-unknown-linux-musl.tar.gz"
provenance = "github-attestations"

[tools.ruff."platforms.linux-arm64-musl"]
checksum = "sha256:40d9feb7210a6d984bb98b5f825afdcf36216ee464a884e26c104f97226c7713"
url = "https://github.com/astral-sh/ruff/releases/download/0.16.9/ruff-aarch64-unknown-linux-musl.tar.gz"
provenance = "github-attestations"

[tools.ruff."platforms.linux-x64"]
checksum = "sha256:6a561ed4bc860472f7833dfb0f0b8285d3969fa627188c5678ea4ac2c462bbee"
url = "https://github.com/astral-sh/ruff/releases/download/0.16.9/ruff-x86_64-unknown-linux-musl.tar.gz"
provenance = "github-attestations"

[tools.ruff."platforms.linux-x64-musl"]
checksum = "sha256:6a561ed4bc860472f7833dfb0f0b8285d3969fa627188c5678ea4ac2c462bbee"
url = "https://github.com/astral-sh/ruff/releases/download/0.16.9/ruff-x86_64-unknown-linux-musl.tar.gz"
provenance = "github-attestations"

[tools.ruff."platforms.macos-arm64"]
checksum = "sha256:33d35394499094cf6eb90f730dc82f11c0fab05d176378ae4f67de985ecc4146"
url = "https://github.com/astral-sh/ruff/releases/download/0.16.9/ruff-aarch64-apple-darwin.tar.gz"
provenance = "github-attestations"

[tools.ruff."platforms.macos-x64"]
checksum = "sha256:e98ea259a021c87d3a1f8bf18639d2e32dcd45cb2ef1afcb41b13e295de1e2b3"
url = "https://github.com/astral-sh/ruff/releases/download/0.16.9/ruff-x86_64-apple-darwin.tar.gz"
provenance = "github-attestations"

[tools.ruff."platforms.windows-x64"]
checksum = "sha256:fe5eb06b2f185b0d8035e17df9df0c831e59b3c98f11170206500650218a0b76"
url = "https://github.com/astral-sh/ruff/releases/download/0.16.9/ruff-x86_64-pc-windows-msvc.zip"
provenance = "github-attestations"

[[tools.rust]]
version = "1.98.1"
backend = "core:rust"

[[tools.shellcheck]]
version = "0.11.0"
backend = "aqua:koalaman/shellcheck"

[tools.shellcheck."platforms.linux-arm64"]
checksum = "sha256:12b331c1d2db6b9eb13cfca64306b1b157a86eb69db83023e261eaa7e7c14588"
url = "https://github.com/koalaman/shellcheck/releases/download/v0.11.0/shellcheck-v0.11.0.linux.aarch64.tar.xz"

[tools.shellcheck."platforms.linux-arm64-musl"]
checksum = "sha256:12b331c1d2db6b9eb13cfca64306b1b157a86eb69db83023e261eaa7e7c14588"
url = "https://github.com/koalaman/shellcheck/releases/download/v0.11.0/shellcheck-v0.11.0.linux.aarch64.tar.xz"

[tools.shellcheck."platforms.linux-x64"]
checksum = "sha256:8c3be12b05d5c177a04c29e3c78ce89ac86f1595681cab149b65b97c4e227198"
url = "https://github.com/koalaman/shellcheck/releases/download/v0.11.0/shellcheck-v0.11.0.linux.x86_64.tar.xz"

[tools.shellcheck."platforms.linux-x64-musl"]
checksum = "sha256:8c3be12b05d5c177a04c29e3c78ce89ac86f1595681cab149b65b97c4e227198"
url = "https://github.com/koalaman/shellcheck/releases/download/v0.11.0/shellcheck-v0.11.0.linux.x86_64.tar.xz"

[tools.shellcheck."platforms.macos-arm64"]
checksum = "sha256:56affdd8de5527894dca6dc3d7e0a99a873b0f004d7aabc30ae407d3f48b0a79"
url = "https://github.com/koalaman/shellcheck/releases/download/v0.11.0/shellcheck-v0.11.0.darwin.aarch64.tar.xz"

[tools.shellcheck."platforms.macos-x64"]
checksum = "sha256:3c89db4edcab7cf1c27bff178882e0f6f27f7afdf54e859fa041fca10febe4c6"
url = "https://github.com/koalaman/shellcheck/releases/download/v0.11.0/shellcheck-v0.11.0.darwin.x86_64.tar.xz"

[tools.shellcheck."platforms.windows-x64"]
checksum = "sha256:8a4e35ab0b331c85d73567b12f2a444df187f483e5079ceffa6bda1faa2e740e"
url = "https://github.com/koalaman/shellcheck/releases/download/v0.11.0/shellcheck-v0.11.0.zip"

[[tools.terraform]]
version = "1.13.2"
backend = "aqua:hashicorp/terraform"

[tools.terraform."platforms.linux-arm64"]
checksum = "sha256:9b3814d36b5b22d9bc7a2856a676770c7b2597b8df025004054354226865ced6"
url = "https://releases.hashicorp.com/terraform/1.13.2/terraform_1.13.2_linux_arm64.zip"

[tools.terraform."platforms.linux-arm64-musl"]
checksum = "sha256:9b3814d36b5b22d9bc7a2856a676770c7b2597b8df025004054354226865ced6"
url = "https://releases.hashicorp.com/terraform/1.13.2/terraform_1.13.2_linux_arm64.zip"

[tools.terraform."platforms.linux-x64"]
checksum = "sha256:b7554c87f36dbb2231d54c4277cbbddf58ae8ba916fa97461564836a2c4954c0"
url = "https://releases.hashicorp.com/terraform/1.13.2/terraform_1.13.2_linux_amd64.zip"

[tools.terraform."platforms.linux-x64-musl"]
checksum = "sha256:b7554c87f36dbb2231d54c4277cbbddf58ae8ba916fa97461564836a2c4954c0"
url = "https://releases.hashicorp.com/terraform/1.13.2/terraform_1.13.2_linux_amd64.zip"

[tools.terraform."platforms.macos-arm64"]
checksum = "sha256:150c55bd7459ee1216d994307b3b84b3e44ad57354f62357d792e4cbb8b2f64b"
url = "https://releases.hashicorp.com/terraform/1.13.2/terraform_1.13.2_darwin_arm64.zip"

[tools.terraform."platforms.macos-x64"]
checksum = "sha256:6eab5472d9afd510b6f4fb43ebe74e098821dfaab50cf5fcfb696082f73f5328"
url = "https://releases.hashicorp.com/terraform/1.13.2/terraform_1.13.2_darwin_amd64.zip"

[tools.terraform."platforms.windows-x64"]
checksum = "sha256:d4b15db71c7f597291fbc7c7e61ed213dd6fe34ab8971d12a93bf9bb66b340e9"
url = "https://releases.hashicorp.com/terraform/1.13.2/terraform_1.13.2_windows_amd64.zip"

[[tools.tflint]]
version = "0.64.0"
backend = "aqua:terraform-linters/tflint"

[tools.tflint."platforms.linux-arm64"]
checksum = "sha256:560da89aacf59389d4eb029730dd5b109b7288096c32f2726a0d9e783a5ea8eb"
url = "https://github.com/terraform-linters/tflint/releases/download/v0.64.0/tflint_linux_arm64.zip"

[tools.tflint."platforms.linux-arm64-musl"]
checksum = "sha256:560da89aacf59389d4eb029730dd5b109b7288096c32f2726a0d9e783a5ea8eb"
url = "https://github.com/terraform-linters/tflint/releases/download/v0.64.0/tflint_linux_arm64.zip"

[tools.tflint."platforms.linux-x64"]
checksum = "sha256:cca9d13e2e1d7a2c627af60ff899a3c9b74212899416aeb96ec764d2ef954537"
url = "https://github.com/terraform-linters/tflint/releases/download/v0.64.0/tflint_linux_amd64.zip"

[tools.tflint."platforms.linux-x64-musl"]
checksum = "sha256:cca9d13e2e1d7a2c627af60ff899a3c9b74212899416aeb96ec764d2ef954537"
url = "https://github.com/terraform-linters/tflint/releases/download/v0.64.0/tflint_linux_amd64.zip"

[tools.tflint."platforms.macos-arm64"]
checksum = "sha256:2496e9cb3d24992d553b45e7c87a0fdc9449ca975233876247a9bfeda857e6c0"
url = "https://github.com/terraform-linters/tflint/releases/download/v0.64.0/tflint_darwin_arm64.zip"

[tools.tflint."platforms.macos-x64"]
checksum = "sha256:0f3a9fd17526014646a2dfc3f9122f7b4161abe3d6b0f0f03f9014483ddf4d19"
url = "https://github.com/terraform-linters/tflint/releases/download/v0.64.0/tflint_darwin_amd64.zip"

[tools.tflint."platforms.windows-x64"]
checksum = "sha256:fb42fb859d844b156a8ea9d3363078c4d8b85ca78782e60876b08c9b8e59f303"
url = "https://github.com/terraform-linters/tflint/releases/download/v0.64.0/tflint_windows_amd64.zip"

[[tools.tree-sitter]]
version = "0.27.0"
backend = "aqua:tree-sitter/tree-sitter"

[tools.tree-sitter."platforms.linux-arm64"]
checksum = "sha256:3a35a2dd961ad842384e982c75daf792c01d1a67e442fc3914d4de37bd8a59cb"
url = "https://github.com/tree-sitter/tree-sitter/releases/download/v0.27.0/tree-sitter-linux-arm64.gz"
provenance = "github-attestations"

[tools.tree-sitter."platforms.linux-arm64-musl"]
checksum = "sha256:3a35a2dd961ad842384e982c75daf792c01d1a67e442fc3914d4de37bd8a59cb"
url = "https://github.com/tree-sitter/tree-sitter/releases/download/v0.27.0/tree-sitter-linux-arm64.gz"
provenance = "github-attestations"

[tools.tree-sitter."platforms.linux-x64"]
checksum = "sha256:20a1f39ec1c45f2211492dcb8881c802b643b554bb196869a29ac3778277fa77"
url = "https://github.com/tree-sitter/tree-sitter/releases/download/v0.27.0/tree-sitter-linux-x64.gz"
provenance = "github-attestations"

[tools.tree-sitter."platforms.linux-x64-musl"]
checksum = "sha256:20a1f39ec1c45f2211492dcb8881c802b643b554bb196869a29ac3778277fa77"
url = "https://github.com/tree-sitter/tree-sitter/releases/download/v0.27.0/tree-sitter-linux-x64.gz"
provenance = "github-attestations"

[tools.tree-sitter."platforms.macos-arm64"]
checksum = "sha256:70f7573b2b2e5371a5b58cc5227d2ad981fd5374596b9874e770af486060774e"
url = "https://github.com/tree-sitter/tree-sitter/releases/download/v0.27.0/tree-sitter-macos-arm64.gz"
provenance = "github-attestations"

[tools.tree-sitter."platforms.macos-x64"]
checksum = "sha256:767528eaab3cca9d929fb96b4cb11cc9f03e09e293675151875c0fe5f79c06f0"
url = "https://github.com/tree-sitter/tree-sitter/releases/download/v0.27.0/tree-sitter-macos-x64.gz"
provenance = "github-attestations"

[tools.tree-sitter."platforms.windows-x64"]
checksum = "sha256:2d6c014b4e91d3d302ba7b30b3b625914027c3861ae7817e068a273e3f034550"
url = "https://github.com/tree-sitter/tree-sitter/releases/download/v0.27.0/tree-sitter-windows-x64.gz"
provenance = "github-attestations"

[[tools.vim]]
version = "9.2.1135"
backend = "asdf:vim"

[[tools.yamllint]]
version = "1.38.0"
backend = "pipx:yamllint"

[[tools.yazi]]
version = "26.9.1"
backend = "aqua:sxyazi/yazi"

[tools.yazi."platforms.linux-arm64"]
checksum = "sha256:dd569daecaae914185f295634109295ccd25c1b42b02eb89a74f651970024f2e"
url = "https://github.com/sxyazi/yazi/releases/download/v26.9.1/yazi-aarch64-unknown-linux-musl.zip"

[tools.yazi."platforms.linux-arm64-musl"]
checksum = "sha256:dd569daecaae914185f295634109295ccd25c1b42b02eb89a74f651970024f2e"
url = "https://github.com/sxyazi/yazi/releases/download/v26.9.1/yazi-aarch64-unknown-linux-musl.zip"

[tools.yazi."platforms.linux-x64"]
checksum = "sha256:9b9c39decccf8cb0ff53a7d637d38f8a79d93bbd0099f4ea9c619ef6bb392f5d"
url = "https://github.com/sxyazi/yazi/releases/download/v26.9.1/yazi-x86_64-unknown-linux-musl.zip"

[tools.yazi."platforms.linux-x64-musl"]
checksum = "sha256:9b9c39decccf8cb0ff53a7d637d38f8a79d93bbd0099f4ea9c619ef6bb392f5d"
url = "https://github.com/sxyazi/yazi/releases/download/v26.9.1/yazi-x86_64-unknown-linux-musl.zip"

[tools.yazi."platforms.macos-arm64"]
checksum = "sha256:3921182a21cceb0a505e5dac578e1487d48104caa5f114e9f8adf40b5a7289a9"
url = "https://github.com/sxyazi/yazi/releases/download/v26.9.1/yazi-aarch64-apple-darwin.zip"

[tools.yazi."platforms.macos-x64"]
checksum = "sha256:36e09036fcc446488d876d139a5e303f2443b82cfb6ac7dfcb43892d6fe6fa20"
url = "https://github.com/sxyazi/yazi/releases/download/v26.9.1/yazi-x86_64-apple-darwin.zip"

[tools.yazi."platforms.windows-x64"]
checksum = "sha256:7c033e5f2de6355fd03d865319053fc97db780275974ed17653c057f5d0f8d21"
url = "https://github.com/sxyazi/yazi/releases/download/v26.9.1/yazi-x86_64-pc-windows-msvc.zip"
